
Microsoft Visual Studio Solution File, Format Version 12.00
# Visual Studio Version 17
VisualStudioVersion = 17.1.32328.378
MinimumVisualStudioVersion = 10.0.40219.1
Project("{FAE04EC0-301F-11D3-BF4B-00C04F79EFBC}") = "AdventDay1", "AdventDay1\AdventDay1.csproj", "{050A1906-0E73-4E42-921C-BFD8AC4E2A9C}"
EndProject
Global
	GlobalSection(SolutionConfigurationPlatforms) = preSolution
		Debug|Any CPU = Debug|Any CPU
		Release|Any CPU = Release|Any CPU
	EndGlobalSection
	GlobalSection(ProjectConfigurationPlatforms) = postSolution
		{050A1906-0E73-4E42-921C-BFD8AC4E2A9C}.Debug|Any CPU.ActiveCfg = Debug|Any CPU
		{050A1906-0E73-4E42-921C-BFD8AC4E2A9C}.Debug|Any CPU.Build.0 = Debug|Any CPU
		{050A1906-0E73-4E42-921C-BFD8AC4E2A9C}.Release|Any CPU.ActiveCfg = Release|Any CPU
		{050A1906-0E73-4E42-921C-BFD8AC4E2A9C}.Release|Any CPU.Build.0 = Release|Any CPU
	EndGlobalSection
	GlobalSection(SolutionProperties) = preSolution
		HideSolutionNode = FALSE
	EndGlobalSection
	GlobalSection(ExtensibilityGlobals) = postSolution
		SolutionGuid = {95DB8A7D-FFD4-4F4D-B521-8EB15A7C6D6F}
	EndGlobalSection
EndGlobal
