
Microsoft Visual Studio Solution File, Format Version 12.00
# Visual Studio Version 17
VisualStudioVersion = 17.1.32328.378
MinimumVisualStudioVersion = 10.0.40219.1
Project("{FAE04EC0-301F-11D3-BF4B-00C04F79EFBC}") = "AdventDay3", "AdventDay3\AdventDay3.csproj", "{2B8B6463-348C-4021-A9FA-EC4B0FC37565}"
EndProject
Global
	GlobalSection(SolutionConfigurationPlatforms) = preSolution
		Debug|Any CPU = Debug|Any CPU
		Release|Any CPU = Release|Any CPU
	EndGlobalSection
	GlobalSection(ProjectConfigurationPlatforms) = postSolution
		{2B8B6463-348C-4021-A9FA-EC4B0FC37565}.Debug|Any CPU.ActiveCfg = Debug|Any CPU
		{2B8B6463-348C-4021-A9FA-EC4B0FC37565}.Debug|Any CPU.Build.0 = Debug|Any CPU
		{2B8B6463-348C-4021-A9FA-EC4B0FC37565}.Release|Any CPU.ActiveCfg = Release|Any CPU
		{2B8B6463-348C-4021-A9FA-EC4B0FC37565}.Release|Any CPU.Build.0 = Release|Any CPU
	EndGlobalSection
	GlobalSection(SolutionProperties) = preSolution
		HideSolutionNode = FALSE
	EndGlobalSection
	GlobalSection(ExtensibilityGlobals) = postSolution
		SolutionGuid = {CAC4C74C-6D51-42DB-9AB3-7720CC66EC51}
	EndGlobalSection
EndGlobal
